
Microsoft Visual Studio Solution File, Format Version 12.00
# Visual Studio Version 16
VisualStudioVersion = 16.0.29025.244
MinimumVisualStudioVersion = 10.0.40219.1
Project("{FAE04EC0-301F-11D3-BF4B-00C04F79EFBC}") = "Diplom", "Diplom\Diplom.csproj", "{1CF81C7C-3DCC-439C-B737-29F0B145033A}"
EndProject
Project("{FAE04EC0-301F-11D3-BF4B-00C04F79EFBC}") = "EntityLibrary", "EntityLibrary\EntityLibrary.csproj", "{7FEE3D25-EBD0-4014-ABD6-A4FF500546B5}"
EndProject
Project("{FAE04EC0-301F-11D3-BF4B-00C04F79EFBC}") = "Logic", "Storage\Logic.csproj", "{84D70037-A772-4C98-B4FA-E8FD209F10C3}"
EndProject
Project("{FAE04EC0-301F-11D3-BF4B-00C04F79EFBC}") = "UnitTestProject", "UnitTestProject\UnitTestProject.csproj", "{8F6CA343-64C3-41F1-8163-28DC3A86A347}"
EndProject
Global
	GlobalSection(SolutionConfigurationPlatforms) = preSolution
		Debug|Any CPU = Debug|Any CPU
		Release|Any CPU = Release|Any CPU
	EndGlobalSection
	GlobalSection(ProjectConfigurationPlatforms) = postSolution
		{1CF81C7C-3DCC-439C-B737-29F0B145033A}.Debug|Any CPU.ActiveCfg = Debug|Any CPU
		{1CF81C7C-3DCC-439C-B737-29F0B145033A}.Debug|Any CPU.Build.0 = Debug|Any CPU
		{1CF81C7C-3DCC-439C-B737-29F0B145033A}.Release|Any CPU.ActiveCfg = Release|Any CPU
		{1CF81C7C-3DCC-439C-B737-29F0B145033A}.Release|Any CPU.Build.0 = Release|Any CPU
		{7FEE3D25-EBD0-4014-ABD6-A4FF500546B5}.Debug|Any CPU.ActiveCfg = Debug|Any CPU
		{7FEE3D25-EBD0-4014-ABD6-A4FF500546B5}.Debug|Any CPU.Build.0 = Debug|Any CPU
		{7FEE3D25-EBD0-4014-ABD6-A4FF500546B5}.Release|Any CPU.ActiveCfg = Release|Any CPU
		{7FEE3D25-EBD0-4014-ABD6-A4FF500546B5}.Release|Any CPU.Build.0 = Release|Any CPU
		{84D70037-A772-4C98-B4FA-E8FD209F10C3}.Debug|Any CPU.ActiveCfg = Debug|Any CPU
		{84D70037-A772-4C98-B4FA-E8FD209F10C3}.Debug|Any CPU.Build.0 = Debug|Any CPU
		{84D70037-A772-4C98-B4FA-E8FD209F10C3}.Release|Any CPU.ActiveCfg = Release|Any CPU
		{84D70037-A772-4C98-B4FA-E8FD209F10C3}.Release|Any CPU.Build.0 = Release|Any CPU
		{8F6CA343-64C3-41F1-8163-28DC3A86A347}.Debug|Any CPU.ActiveCfg = Debug|Any CPU
		{8F6CA343-64C3-41F1-8163-28DC3A86A347}.Debug|Any CPU.Build.0 = Debug|Any CPU
		{8F6CA343-64C3-41F1-8163-28DC3A86A347}.Release|Any CPU.ActiveCfg = Release|Any CPU
		{8F6CA343-64C3-41F1-8163-28DC3A86A347}.Release|Any CPU.Build.0 = Release|Any CPU
	EndGlobalSection
	GlobalSection(SolutionProperties) = preSolution
		HideSolutionNode = FALSE
	EndGlobalSection
	GlobalSection(ExtensibilityGlobals) = postSolution
		SolutionGuid = {89C9B11F-2C3F-4D3E-A500-37ABA4B0A638}
	EndGlobalSection
EndGlobal
